
Microsoft Visual Studio Solution File, Format Version 12.00
# Visual Studio 15
VisualStudioVersion = 15.0.27130.2020
MinimumVisualStudioVersion = 10.0.40219.1
Project("{FAE04EC0-301F-11D3-BF4B-00C04F79EFBC}") = "TrustBase Manager", "TrustBase Manager\TrustBase Manager\TrustBase Manager.csproj", "{22B1B127-04C3-412A-B589-450885104010}"
EndProject
Project("{FAE04EC0-301F-11D3-BF4B-00C04F79EFBC}") = "TrustBase Admin Console", "TrustBase Admin Console\TrustBase Admin Console\TrustBase Admin Console.csproj", "{C2CB3A95-3143-495C-90E7-1344730C65CD}"
EndProject
Project("{8BC9CEB8-8B4A-11D0-8D11-00A0C91BC942}") = "UserspaceTest", "UserspaceTest\UserspaceTest.vcxproj", "{C021AF95-4458-44CC-9B0C-0E8B833DAB5E}"
EndProject
Project("{8BC9CEB8-8B4A-11D0-8D11-00A0C91BC942}") = "PolicyEngine", "PolicyEngine\PolicyEngine.vcxproj", "{DF65D77E-8EC7-4281-A1BD-F4871D630533}"
EndProject
Project("{8BC9CEB8-8B4A-11D0-8D11-00A0C91BC942}") = "libconfig++", "libconfig\libconfig++.vcxproj", "{A0C36CE7-D908-4573-8B69-249EEEB7D2BE}"
EndProject
Project("{2150E333-8FDC-42A3-9474-1A3956D46DE8}") = "Plugins", "Plugins", "{149FF6CD-D3AE-4833-BA19-5C08EC5C92B8}"
EndProject
Project("{8BC9CEB8-8B4A-11D0-8D11-00A0C91BC942}") = "cert_pinning", "Plugins\Cert_Pinning\cert_pinning.vcxproj", "{10F3A838-1216-4A5C-B85A-3C6F99FC752A}"
EndProject
Project("{8BC9CEB8-8B4A-11D0-8D11-00A0C91BC942}") = "cipher_suite", "Plugins\Cipher_Suite\cipher_suite.vcxproj", "{FCFAD3A7-A3EB-45C8-905E-D36C7ECC68BA}"
EndProject
Project("{8BC9CEB8-8B4A-11D0-8D11-00A0C91BC942}") = "openssl_test", "Plugins\Openssl_Test\openssl_test.vcxproj", "{96030869-5510-48B5-B7F2-CC6C889CBC96}"
EndProject
Project("{8BC9CEB8-8B4A-11D0-8D11-00A0C91BC942}") = "raw_test", "Plugins\Raw_Test\raw_test.vcxproj", "{F3CF4A68-2E47-47FD-81DB-9FD554F3BE2F}"
EndProject
Project("{8BC9CEB8-8B4A-11D0-8D11-00A0C91BC942}") = "SimplePlugin1", "Plugins\SimplePlugin1\SimplePlugin1.vcxproj", "{EF07240B-87D4-4C7D-8F69-6CFF69D2A203}"
EndProject
Project("{8BC9CEB8-8B4A-11D0-8D11-00A0C91BC942}") = "SimplePlugin2", "Plugins\SimplePlugin2\SimplePlugin2.vcxproj", "{A102123E-44F5-4159-8C1B-FBA8B8BD1C4C}"
EndProject
Project("{8BC9CEB8-8B4A-11D0-8D11-00A0C91BC942}") = "whitelist", "Plugins\Whitelist\whitelist.vcxproj", "{00F41694-D8D7-410A-8248-7E79AD135519}"
EndProject
Project("{2150E333-8FDC-42A3-9474-1A3956D46DE8}") = "Addons", "Addons", "{737B3D9E-DF00-4D64-B5BC-A1C2D960CA5D}"
EndProject
Project("{8BC9CEB8-8B4A-11D0-8D11-00A0C91BC942}") = "python_plugins", "Addons\Python_Plugins\python_plugins.vcxproj", "{3DCEBBF9-BB99-49F2-B80F-066EC11B391C}"
EndProject
Project("{8BC9CEB8-8B4A-11D0-8D11-00A0C91BC942}") = "OCSP", "Plugins\OCSP\ocsp.vcxproj", "{DB24B6CE-7B98-44AC-86B3-6E3E020292D0}"
EndProject
Project("{8BC9CEB8-8B4A-11D0-8D11-00A0C91BC942}") = "TrustBaseWin", "TrustBaseWin\TrustBaseWin.vcxproj", "{C5772FA7-22DF-4DB9-9FBF-F711762A4914}"
EndProject
Project("{8BC9CEB8-8B4A-11D0-8D11-00A0C91BC942}") = "TrustBaseService", "TrustBaseService\TrustBaseService.vcxproj", "{61D251AA-9A73-41C1-9D45-5C8D195246D8}"
EndProject
Project("{8BC9CEB8-8B4A-11D0-8D11-00A0C91BC942}") = "TrustBaseNativeClient", "TrustBaseNativeClient\TrustBaseNativeClient.vcxproj", "{D62E487B-7660-403A-8D35-567514301664}"
EndProject
Project("{8BC9CEB8-8B4A-11D0-8D11-00A0C91BC942}") = "NativeTester", "NativeTester\NativeTester.vcxproj", "{7E068D2F-0DC7-4AE3-8616-DA7A09C8BAF8}"
EndProject
Global
	GlobalSection(SolutionConfigurationPlatforms) = preSolution
		Debug|Any CPU = Debug|Any CPU
		Debug|ARM = Debug|ARM
		Debug|ARM64 = Debug|ARM64
		Debug|x64 = Debug|x64
		Debug|x86 = Debug|x86
		Release|Any CPU = Release|Any CPU
		Release|ARM = Release|ARM
		Release|ARM64 = Release|ARM64
		Release|x64 = Release|x64
		Release|x86 = Release|x86
	EndGlobalSection
	GlobalSection(ProjectConfigurationPlatforms) = postSolution
		{22B1B127-04C3-412A-B589-450885104010}.Debug|Any CPU.ActiveCfg = Debug|Any CPU
		{22B1B127-04C3-412A-B589-450885104010}.Debug|Any CPU.Build.0 = Debug|Any CPU
		{22B1B127-04C3-412A-B589-450885104010}.Debug|ARM.ActiveCfg = Debug|Any CPU
		{22B1B127-04C3-412A-B589-450885104010}.Debug|ARM.Build.0 = Debug|Any CPU
		{22B1B127-04C3-412A-B589-450885104010}.Debug|ARM64.ActiveCfg = Debug|Any CPU
		{22B1B127-04C3-412A-B589-450885104010}.Debug|ARM64.Build.0 = Debug|Any CPU
		{22B1B127-04C3-412A-B589-450885104010}.Debug|x64.ActiveCfg = Debug|Any CPU
		{22B1B127-04C3-412A-B589-450885104010}.Debug|x64.Build.0 = Debug|Any CPU
		{22B1B127-04C3-412A-B589-450885104010}.Debug|x86.ActiveCfg = Debug|Any CPU
		{22B1B127-04C3-412A-B589-450885104010}.Debug|x86.Build.0 = Debug|Any CPU
		{22B1B127-04C3-412A-B589-450885104010}.Release|Any CPU.ActiveCfg = Release|Any CPU
		{22B1B127-04C3-412A-B589-450885104010}.Release|Any CPU.Build.0 = Release|Any CPU
		{22B1B127-04C3-412A-B589-450885104010}.Release|ARM.ActiveCfg = Release|Any CPU
		{22B1B127-04C3-412A-B589-450885104010}.Release|ARM.Build.0 = Release|Any CPU
		{22B1B127-04C3-412A-B589-450885104010}.Release|ARM64.ActiveCfg = Release|Any CPU
		{22B1B127-04C3-412A-B589-450885104010}.Release|ARM64.Build.0 = Release|Any CPU
		{22B1B127-04C3-412A-B589-450885104010}.Release|x64.ActiveCfg = Release|Any CPU
		{22B1B127-04C3-412A-B589-450885104010}.Release|x64.Build.0 = Release|Any CPU
		{22B1B127-04C3-412A-B589-450885104010}.Release|x86.ActiveCfg = Release|Any CPU
		{22B1B127-04C3-412A-B589-450885104010}.Release|x86.Build.0 = Release|Any CPU
		{C2CB3A95-3143-495C-90E7-1344730C65CD}.Debug|Any CPU.ActiveCfg = Debug|Any CPU
		{C2CB3A95-3143-495C-90E7-1344730C65CD}.Debug|Any CPU.Build.0 = Debug|Any CPU
		{C2CB3A95-3143-495C-90E7-1344730C65CD}.Debug|ARM.ActiveCfg = Debug|Any CPU
		{C2CB3A95-3143-495C-90E7-1344730C65CD}.Debug|ARM.Build.0 = Debug|Any CPU
		{C2CB3A95-3143-495C-90E7-1344730C65CD}.Debug|ARM64.ActiveCfg = Debug|Any CPU
		{C2CB3A95-3143-495C-90E7-1344730C65CD}.Debug|ARM64.Build.0 = Debug|Any CPU
		{C2CB3A95-3143-495C-90E7-1344730C65CD}.Debug|x64.ActiveCfg = Debug|Any CPU
		{C2CB3A95-3143-495C-90E7-1344730C65CD}.Debug|x64.Build.0 = Debug|Any CPU
		{C2CB3A95-3143-495C-90E7-1344730C65CD}.Debug|x86.ActiveCfg = Debug|Any CPU
		{C2CB3A95-3143-495C-90E7-1344730C65CD}.Debug|x86.Build.0 = Debug|Any CPU
		{C2CB3A95-3143-495C-90E7-1344730C65CD}.Release|Any CPU.ActiveCfg = Release|Any CPU
		{C2CB3A95-3143-495C-90E7-1344730C65CD}.Release|Any CPU.Build.0 = Release|Any CPU
		{C2CB3A95-3143-495C-90E7-1344730C65CD}.Release|ARM.ActiveCfg = Release|Any CPU
		{C2CB3A95-3143-495C-90E7-1344730C65CD}.Release|ARM.Build.0 = Release|Any CPU
		{C2CB3A95-3143-495C-90E7-1344730C65CD}.Release|ARM64.ActiveCfg = Release|Any CPU
		{C2CB3A95-3143-495C-90E7-1344730C65CD}.Release|ARM64.Build.0 = Release|Any CPU
		{C2CB3A95-3143-495C-90E7-1344730C65CD}.Release|x64.ActiveCfg = Release|Any CPU
		{C2CB3A95-3143-495C-90E7-1344730C65CD}.Release|x86.ActiveCfg = Release|Any CPU
		{C2CB3A95-3143-495C-90E7-1344730C65CD}.Release|x86.Build.0 = Release|Any CPU
		{C021AF95-4458-44CC-9B0C-0E8B833DAB5E}.Debug|Any CPU.ActiveCfg = Debug|Win32
		{C021AF95-4458-44CC-9B0C-0E8B833DAB5E}.Debug|ARM.ActiveCfg = Debug|Win32
		{C021AF95-4458-44CC-9B0C-0E8B833DAB5E}.Debug|ARM64.ActiveCfg = Debug|Win32
		{C021AF95-4458-44CC-9B0C-0E8B833DAB5E}.Debug|x64.ActiveCfg = Debug|x64
		{C021AF95-4458-44CC-9B0C-0E8B833DAB5E}.Debug|x64.Build.0 = Debug|x64
		{C021AF95-4458-44CC-9B0C-0E8B833DAB5E}.Debug|x86.ActiveCfg = Debug|Win32
		{C021AF95-4458-44CC-9B0C-0E8B833DAB5E}.Debug|x86.Build.0 = Debug|Win32
		{C021AF95-4458-44CC-9B0C-0E8B833DAB5E}.Release|Any CPU.ActiveCfg = Release|Win32
		{C021AF95-4458-44CC-9B0C-0E8B833DAB5E}.Release|ARM.ActiveCfg = Release|Win32
		{C021AF95-4458-44CC-9B0C-0E8B833DAB5E}.Release|ARM64.ActiveCfg = Release|Win32
		{C021AF95-4458-44CC-9B0C-0E8B833DAB5E}.Release|x64.ActiveCfg = Release|x64
		{C021AF95-4458-44CC-9B0C-0E8B833DAB5E}.Release|x86.ActiveCfg = Release|Win32
		{C021AF95-4458-44CC-9B0C-0E8B833DAB5E}.Release|x86.Build.0 = Release|Win32
		{DF65D77E-8EC7-4281-A1BD-F4871D630533}.Debug|Any CPU.ActiveCfg = Debug|x64
		{DF65D77E-8EC7-4281-A1BD-F4871D630533}.Debug|ARM.ActiveCfg = Debug|Win32
		{DF65D77E-8EC7-4281-A1BD-F4871D630533}.Debug|ARM64.ActiveCfg = Debug|Win32
		{DF65D77E-8EC7-4281-A1BD-F4871D630533}.Debug|x64.ActiveCfg = Debug|x64
		{DF65D77E-8EC7-4281-A1BD-F4871D630533}.Debug|x64.Build.0 = Debug|x64
		{DF65D77E-8EC7-4281-A1BD-F4871D630533}.Debug|x86.ActiveCfg = Debug|Win32
		{DF65D77E-8EC7-4281-A1BD-F4871D630533}.Debug|x86.Build.0 = Debug|Win32
		{DF65D77E-8EC7-4281-A1BD-F4871D630533}.Release|Any CPU.ActiveCfg = Release|Win32
		{DF65D77E-8EC7-4281-A1BD-F4871D630533}.Release|ARM.ActiveCfg = Release|Win32
		{DF65D77E-8EC7-4281-A1BD-F4871D630533}.Release|ARM64.ActiveCfg = Release|Win32
		{DF65D77E-8EC7-4281-A1BD-F4871D630533}.Release|x64.ActiveCfg = Release|x64
		{DF65D77E-8EC7-4281-A1BD-F4871D630533}.Release|x64.Build.0 = Release|x64
		{DF65D77E-8EC7-4281-A1BD-F4871D630533}.Release|x86.ActiveCfg = Release|Win32
		{DF65D77E-8EC7-4281-A1BD-F4871D630533}.Release|x86.Build.0 = Release|Win32
		{A0C36CE7-D908-4573-8B69-249EEEB7D2BE}.Debug|Any CPU.ActiveCfg = Debug|x64
		{A0C36CE7-D908-4573-8B69-249EEEB7D2BE}.Debug|ARM.ActiveCfg = Debug|Win32
		{A0C36CE7-D908-4573-8B69-249EEEB7D2BE}.Debug|ARM64.ActiveCfg = Debug|Win32
		{A0C36CE7-D908-4573-8B69-249EEEB7D2BE}.Debug|x64.ActiveCfg = Debug|x64
		{A0C36CE7-D908-4573-8B69-249EEEB7D2BE}.Debug|x64.Build.0 = Debug|x64
		{A0C36CE7-D908-4573-8B69-249EEEB7D2BE}.Debug|x86.ActiveCfg = Debug|Win32
		{A0C36CE7-D908-4573-8B69-249EEEB7D2BE}.Debug|x86.Build.0 = Debug|Win32
		{A0C36CE7-D908-4573-8B69-249EEEB7D2BE}.Release|Any CPU.ActiveCfg = Release|Win32
		{A0C36CE7-D908-4573-8B69-249EEEB7D2BE}.Release|ARM.ActiveCfg = Release|Win32
		{A0C36CE7-D908-4573-8B69-249EEEB7D2BE}.Release|ARM64.ActiveCfg = Release|Win32
		{A0C36CE7-D908-4573-8B69-249EEEB7D2BE}.Release|x64.ActiveCfg = Release|x64
		{A0C36CE7-D908-4573-8B69-249EEEB7D2BE}.Release|x64.Build.0 = Release|x64
		{A0C36CE7-D908-4573-8B69-249EEEB7D2BE}.Release|x86.ActiveCfg = Release|Win32
		{A0C36CE7-D908-4573-8B69-249EEEB7D2BE}.Release|x86.Build.0 = Release|Win32
		{10F3A838-1216-4A5C-B85A-3C6F99FC752A}.Debug|Any CPU.ActiveCfg = Debug|x64
		{10F3A838-1216-4A5C-B85A-3C6F99FC752A}.Debug|ARM.ActiveCfg = Debug|x64
		{10F3A838-1216-4A5C-B85A-3C6F99FC752A}.Debug|ARM64.ActiveCfg = Debug|x64
		{10F3A838-1216-4A5C-B85A-3C6F99FC752A}.Debug|x64.ActiveCfg = Debug|x64
		{10F3A838-1216-4A5C-B85A-3C6F99FC752A}.Debug|x64.Build.0 = Debug|x64
		{10F3A838-1216-4A5C-B85A-3C6F99FC752A}.Debug|x86.ActiveCfg = Debug|x64
		{10F3A838-1216-4A5C-B85A-3C6F99FC752A}.Release|Any CPU.ActiveCfg = Release|x64
		{10F3A838-1216-4A5C-B85A-3C6F99FC752A}.Release|ARM.ActiveCfg = Release|x64
		{10F3A838-1216-4A5C-B85A-3C6F99FC752A}.Release|ARM64.ActiveCfg = Release|x64
		{10F3A838-1216-4A5C-B85A-3C6F99FC752A}.Release|x64.ActiveCfg = Release|x64
		{10F3A838-1216-4A5C-B85A-3C6F99FC752A}.Release|x64.Build.0 = Release|x64
		{10F3A838-1216-4A5C-B85A-3C6F99FC752A}.Release|x86.ActiveCfg = Release|x64
		{FCFAD3A7-A3EB-45C8-905E-D36C7ECC68BA}.Debug|Any CPU.ActiveCfg = Debug|x64
		{FCFAD3A7-A3EB-45C8-905E-D36C7ECC68BA}.Debug|ARM.ActiveCfg = Debug|x64
		{FCFAD3A7-A3EB-45C8-905E-D36C7ECC68BA}.Debug|ARM64.ActiveCfg = Debug|x64
		{FCFAD3A7-A3EB-45C8-905E-D36C7ECC68BA}.Debug|x64.ActiveCfg = Debug|x64
		{FCFAD3A7-A3EB-45C8-905E-D36C7ECC68BA}.Debug|x64.Build.0 = Debug|x64
		{FCFAD3A7-A3EB-45C8-905E-D36C7ECC68BA}.Debug|x86.ActiveCfg = Debug|x64
		{FCFAD3A7-A3EB-45C8-905E-D36C7ECC68BA}.Release|Any CPU.ActiveCfg = Release|x64
		{FCFAD3A7-A3EB-45C8-905E-D36C7ECC68BA}.Release|ARM.ActiveCfg = Release|x64
		{FCFAD3A7-A3EB-45C8-905E-D36C7ECC68BA}.Release|ARM64.ActiveCfg = Release|x64
		{FCFAD3A7-A3EB-45C8-905E-D36C7ECC68BA}.Release|x64.ActiveCfg = Release|x64
		{FCFAD3A7-A3EB-45C8-905E-D36C7ECC68BA}.Release|x64.Build.0 = Release|x64
		{FCFAD3A7-A3EB-45C8-905E-D36C7ECC68BA}.Release|x86.ActiveCfg = Release|x64
		{96030869-5510-48B5-B7F2-CC6C889CBC96}.Debug|Any CPU.ActiveCfg = Debug|x64
		{96030869-5510-48B5-B7F2-CC6C889CBC96}.Debug|ARM.ActiveCfg = Debug|x64
		{96030869-5510-48B5-B7F2-CC6C889CBC96}.Debug|ARM64.ActiveCfg = Debug|x64
		{96030869-5510-48B5-B7F2-CC6C889CBC96}.Debug|x64.ActiveCfg = Debug|x64
		{96030869-5510-48B5-B7F2-CC6C889CBC96}.Debug|x64.Build.0 = Debug|x64
		{96030869-5510-48B5-B7F2-CC6C889CBC96}.Debug|x86.ActiveCfg = Debug|x64
		{96030869-5510-48B5-B7F2-CC6C889CBC96}.Release|Any CPU.ActiveCfg = Release|x64
		{96030869-5510-48B5-B7F2-CC6C889CBC96}.Release|ARM.ActiveCfg = Release|x64
		{96030869-5510-48B5-B7F2-CC6C889CBC96}.Release|ARM64.ActiveCfg = Release|x64
		{96030869-5510-48B5-B7F2-CC6C889CBC96}.Release|x64.ActiveCfg = Release|x64
		{96030869-5510-48B5-B7F2-CC6C889CBC96}.Release|x64.Build.0 = Release|x64
		{96030869-5510-48B5-B7F2-CC6C889CBC96}.Release|x86.ActiveCfg = Release|x64
		{F3CF4A68-2E47-47FD-81DB-9FD554F3BE2F}.Debug|Any CPU.ActiveCfg = Debug|x64
		{F3CF4A68-2E47-47FD-81DB-9FD554F3BE2F}.Debug|ARM.ActiveCfg = Debug|x64
		{F3CF4A68-2E47-47FD-81DB-9FD554F3BE2F}.Debug|ARM64.ActiveCfg = Debug|x64
		{F3CF4A68-2E47-47FD-81DB-9FD554F3BE2F}.Debug|x64.ActiveCfg = Debug|x64
		{F3CF4A68-2E47-47FD-81DB-9FD554F3BE2F}.Debug|x64.Build.0 = Debug|x64
		{F3CF4A68-2E47-47FD-81DB-9FD554F3BE2F}.Debug|x86.ActiveCfg = Debug|x64
		{F3CF4A68-2E47-47FD-81DB-9FD554F3BE2F}.Release|Any CPU.ActiveCfg = Release|x64
		{F3CF4A68-2E47-47FD-81DB-9FD554F3BE2F}.Release|ARM.ActiveCfg = Release|x64
		{F3CF4A68-2E47-47FD-81DB-9FD554F3BE2F}.Release|ARM64.ActiveCfg = Release|x64
		{F3CF4A68-2E47-47FD-81DB-9FD554F3BE2F}.Release|x64.ActiveCfg = Release|x64
		{F3CF4A68-2E47-47FD-81DB-9FD554F3BE2F}.Release|x64.Build.0 = Release|x64
		{F3CF4A68-2E47-47FD-81DB-9FD554F3BE2F}.Release|x86.ActiveCfg = Release|x64
		{EF07240B-87D4-4C7D-8F69-6CFF69D2A203}.Debug|Any CPU.ActiveCfg = Debug|Win32
		{EF07240B-87D4-4C7D-8F69-6CFF69D2A203}.Debug|ARM.ActiveCfg = Debug|Win32
		{EF07240B-87D4-4C7D-8F69-6CFF69D2A203}.Debug|ARM64.ActiveCfg = Debug|Win32
		{EF07240B-87D4-4C7D-8F69-6CFF69D2A203}.Debug|x64.ActiveCfg = Debug|x64
		{EF07240B-87D4-4C7D-8F69-6CFF69D2A203}.Debug|x64.Build.0 = Debug|x64
		{EF07240B-87D4-4C7D-8F69-6CFF69D2A203}.Debug|x86.ActiveCfg = Debug|Win32
		{EF07240B-87D4-4C7D-8F69-6CFF69D2A203}.Debug|x86.Build.0 = Debug|Win32
		{EF07240B-87D4-4C7D-8F69-6CFF69D2A203}.Release|Any CPU.ActiveCfg = Release|Win32
		{EF07240B-87D4-4C7D-8F69-6CFF69D2A203}.Release|ARM.ActiveCfg = Release|Win32
		{EF07240B-87D4-4C7D-8F69-6CFF69D2A203}.Release|ARM64.ActiveCfg = Release|Win32
		{EF07240B-87D4-4C7D-8F69-6CFF69D2A203}.Release|x64.ActiveCfg = Release|x64
		{EF07240B-87D4-4C7D-8F69-6CFF69D2A203}.Release|x64.Build.0 = Release|x64
		{EF07240B-87D4-4C7D-8F69-6CFF69D2A203}.Release|x86.ActiveCfg = Release|Win32
		{EF07240B-87D4-4C7D-8F69-6CFF69D2A203}.Release|x86.Build.0 = Release|Win32
		{A102123E-44F5-4159-8C1B-FBA8B8BD1C4C}.Debug|Any CPU.ActiveCfg = Debug|Win32
		{A102123E-44F5-4159-8C1B-FBA8B8BD1C4C}.Debug|ARM.ActiveCfg = Debug|Win32
		{A102123E-44F5-4159-8C1B-FBA8B8BD1C4C}.Debug|ARM64.ActiveCfg = Debug|Win32
		{A102123E-44F5-4159-8C1B-FBA8B8BD1C4C}.Debug|x64.ActiveCfg = Debug|x64
		{A102123E-44F5-4159-8C1B-FBA8B8BD1C4C}.Debug|x64.Build.0 = Debug|x64
		{A102123E-44F5-4159-8C1B-FBA8B8BD1C4C}.Debug|x86.ActiveCfg = Debug|Win32
		{A102123E-44F5-4159-8C1B-FBA8B8BD1C4C}.Debug|x86.Build.0 = Debug|Win32
		{A102123E-44F5-4159-8C1B-FBA8B8BD1C4C}.Release|Any CPU.ActiveCfg = Release|Win32
		{A102123E-44F5-4159-8C1B-FBA8B8BD1C4C}.Release|ARM.ActiveCfg = Release|Win32
		{A102123E-44F5-4159-8C1B-FBA8B8BD1C4C}.Release|ARM64.ActiveCfg = Release|Win32
		{A102123E-44F5-4159-8C1B-FBA8B8BD1C4C}.Release|x64.ActiveCfg = Release|x64
		{A102123E-44F5-4159-8C1B-FBA8B8BD1C4C}.Release|x64.Build.0 = Release|x64
		{A102123E-44F5-4159-8C1B-FBA8B8BD1C4C}.Release|x86.ActiveCfg = Release|Win32
		{A102123E-44F5-4159-8C1B-FBA8B8BD1C4C}.Release|x86.Build.0 = Release|Win32
		{00F41694-D8D7-410A-8248-7E79AD135519}.Debug|Any CPU.ActiveCfg = Debug|x64
		{00F41694-D8D7-410A-8248-7E79AD135519}.Debug|ARM.ActiveCfg = Debug|x64
		{00F41694-D8D7-410A-8248-7E79AD135519}.Debug|ARM64.ActiveCfg = Debug|x64
		{00F41694-D8D7-410A-8248-7E79AD135519}.Debug|x64.ActiveCfg = Debug|x64
		{00F41694-D8D7-410A-8248-7E79AD135519}.Debug|x64.Build.0 = Debug|x64
		{00F41694-D8D7-410A-8248-7E79AD135519}.Debug|x86.ActiveCfg = Debug|x64
		{00F41694-D8D7-410A-8248-7E79AD135519}.Release|Any CPU.ActiveCfg = Release|x64
		{00F41694-D8D7-410A-8248-7E79AD135519}.Release|ARM.ActiveCfg = Release|x64
		{00F41694-D8D7-410A-8248-7E79AD135519}.Release|ARM64.ActiveCfg = Release|x64
		{00F41694-D8D7-410A-8248-7E79AD135519}.Release|x64.ActiveCfg = Release|x64
		{00F41694-D8D7-410A-8248-7E79AD135519}.Release|x64.Build.0 = Release|x64
		{00F41694-D8D7-410A-8248-7E79AD135519}.Release|x86.ActiveCfg = Release|x64
		{3DCEBBF9-BB99-49F2-B80F-066EC11B391C}.Debug|Any CPU.ActiveCfg = Debug|x64
		{3DCEBBF9-BB99-49F2-B80F-066EC11B391C}.Debug|ARM.ActiveCfg = Debug|x64
		{3DCEBBF9-BB99-49F2-B80F-066EC11B391C}.Debug|ARM64.ActiveCfg = Debug|x64
		{3DCEBBF9-BB99-49F2-B80F-066EC11B391C}.Debug|x64.ActiveCfg = Debug|x64
		{3DCEBBF9-BB99-49F2-B80F-066EC11B391C}.Debug|x64.Build.0 = Debug|x64
		{3DCEBBF9-BB99-49F2-B80F-066EC11B391C}.Debug|x86.ActiveCfg = Debug|x64
		{3DCEBBF9-BB99-49F2-B80F-066EC11B391C}.Release|Any CPU.ActiveCfg = Release|x64
		{3DCEBBF9-BB99-49F2-B80F-066EC11B391C}.Release|ARM.ActiveCfg = Release|x64
		{3DCEBBF9-BB99-49F2-B80F-066EC11B391C}.Release|ARM64.ActiveCfg = Release|x64
		{3DCEBBF9-BB99-49F2-B80F-066EC11B391C}.Release|x64.ActiveCfg = Release|x64
		{3DCEBBF9-BB99-49F2-B80F-066EC11B391C}.Release|x64.Build.0 = Release|x64
		{3DCEBBF9-BB99-49F2-B80F-066EC11B391C}.Release|x86.ActiveCfg = Release|x64
		{DB24B6CE-7B98-44AC-86B3-6E3E020292D0}.Debug|Any CPU.ActiveCfg = Debug|x64
		{DB24B6CE-7B98-44AC-86B3-6E3E020292D0}.Debug|ARM.ActiveCfg = Debug|x64
		{DB24B6CE-7B98-44AC-86B3-6E3E020292D0}.Debug|ARM64.ActiveCfg = Debug|x64
		{DB24B6CE-7B98-44AC-86B3-6E3E020292D0}.Debug|x64.ActiveCfg = Debug|x64
		{DB24B6CE-7B98-44AC-86B3-6E3E020292D0}.Debug|x64.Build.0 = Debug|x64
		{DB24B6CE-7B98-44AC-86B3-6E3E020292D0}.Debug|x86.ActiveCfg = Debug|x64
		{DB24B6CE-7B98-44AC-86B3-6E3E020292D0}.Release|Any CPU.ActiveCfg = Release|x64
		{DB24B6CE-7B98-44AC-86B3-6E3E020292D0}.Release|ARM.ActiveCfg = Release|x64
		{DB24B6CE-7B98-44AC-86B3-6E3E020292D0}.Release|ARM64.ActiveCfg = Release|x64
		{DB24B6CE-7B98-44AC-86B3-6E3E020292D0}.Release|x64.ActiveCfg = Release|x64
		{DB24B6CE-7B98-44AC-86B3-6E3E020292D0}.Release|x64.Build.0 = Release|x64
		{DB24B6CE-7B98-44AC-86B3-6E3E020292D0}.Release|x86.ActiveCfg = Release|x64
		{C5772FA7-22DF-4DB9-9FBF-F711762A4914}.Debug|Any CPU.ActiveCfg = Debug|Win32
		{C5772FA7-22DF-4DB9-9FBF-F711762A4914}.Debug|ARM.ActiveCfg = Debug|ARM
		{C5772FA7-22DF-4DB9-9FBF-F711762A4914}.Debug|ARM.Build.0 = Debug|ARM
		{C5772FA7-22DF-4DB9-9FBF-F711762A4914}.Debug|ARM.Deploy.0 = Debug|ARM
		{C5772FA7-22DF-4DB9-9FBF-F711762A4914}.Debug|ARM64.ActiveCfg = Debug|ARM64
		{C5772FA7-22DF-4DB9-9FBF-F711762A4914}.Debug|ARM64.Build.0 = Debug|ARM64
		{C5772FA7-22DF-4DB9-9FBF-F711762A4914}.Debug|ARM64.Deploy.0 = Debug|ARM64
		{C5772FA7-22DF-4DB9-9FBF-F711762A4914}.Debug|x64.ActiveCfg = Debug|x64
		{C5772FA7-22DF-4DB9-9FBF-F711762A4914}.Debug|x64.Build.0 = Debug|x64
		{C5772FA7-22DF-4DB9-9FBF-F711762A4914}.Debug|x64.Deploy.0 = Debug|x64
		{C5772FA7-22DF-4DB9-9FBF-F711762A4914}.Debug|x86.ActiveCfg = Debug|Win32
		{C5772FA7-22DF-4DB9-9FBF-F711762A4914}.Debug|x86.Build.0 = Debug|Win32
		{C5772FA7-22DF-4DB9-9FBF-F711762A4914}.Debug|x86.Deploy.0 = Debug|Win32
		{C5772FA7-22DF-4DB9-9FBF-F711762A4914}.Release|Any CPU.ActiveCfg = Release|Win32
		{C5772FA7-22DF-4DB9-9FBF-F711762A4914}.Release|ARM.ActiveCfg = Release|ARM
		{C5772FA7-22DF-4DB9-9FBF-F711762A4914}.Release|ARM.Build.0 = Release|ARM
		{C5772FA7-22DF-4DB9-9FBF-F711762A4914}.Release|ARM.Deploy.0 = Release|ARM
		{C5772FA7-22DF-4DB9-9FBF-F711762A4914}.Release|ARM64.ActiveCfg = Release|ARM64
		{C5772FA7-22DF-4DB9-9FBF-F711762A4914}.Release|ARM64.Build.0 = Release|ARM64
		{C5772FA7-22DF-4DB9-9FBF-F711762A4914}.Release|ARM64.Deploy.0 = Release|ARM64
		{C5772FA7-22DF-4DB9-9FBF-F711762A4914}.Release|x64.ActiveCfg = Release|x64
		{C5772FA7-22DF-4DB9-9FBF-F711762A4914}.Release|x64.Build.0 = Release|x64
		{C5772FA7-22DF-4DB9-9FBF-F711762A4914}.Release|x64.Deploy.0 = Release|x64
		{C5772FA7-22DF-4DB9-9FBF-F711762A4914}.Release|x86.ActiveCfg = Release|Win32
		{C5772FA7-22DF-4DB9-9FBF-F711762A4914}.Release|x86.Build.0 = Release|Win32
		{C5772FA7-22DF-4DB9-9FBF-F711762A4914}.Release|x86.Deploy.0 = Release|Win32
		{61D251AA-9A73-41C1-9D45-5C8D195246D8}.Debug|Any CPU.ActiveCfg = Debug|Win32
		{61D251AA-9A73-41C1-9D45-5C8D195246D8}.Debug|ARM.ActiveCfg = Debug|Win32
		{61D251AA-9A73-41C1-9D45-5C8D195246D8}.Debug|ARM64.ActiveCfg = Debug|Win32
		{61D251AA-9A73-41C1-9D45-5C8D195246D8}.Debug|x64.ActiveCfg = Debug|x64
		{61D251AA-9A73-41C1-9D45-5C8D195246D8}.Debug|x64.Build.0 = Debug|x64
		{61D251AA-9A73-41C1-9D45-5C8D195246D8}.Debug|x86.ActiveCfg = Debug|Win32
		{61D251AA-9A73-41C1-9D45-5C8D195246D8}.Debug|x86.Build.0 = Debug|Win32
		{61D251AA-9A73-41C1-9D45-5C8D195246D8}.Release|Any CPU.ActiveCfg = Release|Win32
		{61D251AA-9A73-41C1-9D45-5C8D195246D8}.Release|ARM.ActiveCfg = Release|Win32
		{61D251AA-9A73-41C1-9D45-5C8D195246D8}.Release|ARM64.ActiveCfg = Release|Win32
		{61D251AA-9A73-41C1-9D45-5C8D195246D8}.Release|x64.ActiveCfg = Release|x64
		{61D251AA-9A73-41C1-9D45-5C8D195246D8}.Release|x86.ActiveCfg = Release|Win32
		{61D251AA-9A73-41C1-9D45-5C8D195246D8}.Release|x86.Build.0 = Release|Win32
		{D62E487B-7660-403A-8D35-567514301664}.Debug|Any CPU.ActiveCfg = Debug|Win32
		{D62E487B-7660-403A-8D35-567514301664}.Debug|ARM.ActiveCfg = Debug|Win32
		{D62E487B-7660-403A-8D35-567514301664}.Debug|ARM64.ActiveCfg = Debug|Win32
		{D62E487B-7660-403A-8D35-567514301664}.Debug|x64.ActiveCfg = Debug|x64
		{D62E487B-7660-403A-8D35-567514301664}.Debug|x64.Build.0 = Debug|x64
		{D62E487B-7660-403A-8D35-567514301664}.Debug|x86.ActiveCfg = Debug|Win32
		{D62E487B-7660-403A-8D35-567514301664}.Debug|x86.Build.0 = Debug|Win32
		{D62E487B-7660-403A-8D35-567514301664}.Release|Any CPU.ActiveCfg = Release|Win32
		{D62E487B-7660-403A-8D35-567514301664}.Release|ARM.ActiveCfg = Release|Win32
		{D62E487B-7660-403A-8D35-567514301664}.Release|ARM64.ActiveCfg = Release|Win32
		{D62E487B-7660-403A-8D35-567514301664}.Release|x64.ActiveCfg = Debug|x64
		{D62E487B-7660-403A-8D35-567514301664}.Release|x86.ActiveCfg = Release|Win32
		{D62E487B-7660-403A-8D35-567514301664}.Release|x86.Build.0 = Release|Win32
		{7E068D2F-0DC7-4AE3-8616-DA7A09C8BAF8}.Debug|Any CPU.ActiveCfg = Debug|Win32
		{7E068D2F-0DC7-4AE3-8616-DA7A09C8BAF8}.Debug|ARM.ActiveCfg = Debug|Win32
		{7E068D2F-0DC7-4AE3-8616-DA7A09C8BAF8}.Debug|ARM64.ActiveCfg = Debug|Win32
		{7E068D2F-0DC7-4AE3-8616-DA7A09C8BAF8}.Debug|x64.ActiveCfg = Debug|x64
		{7E068D2F-0DC7-4AE3-8616-DA7A09C8BAF8}.Debug|x64.Build.0 = Debug|x64
		{7E068D2F-0DC7-4AE3-8616-DA7A09C8BAF8}.Debug|x86.ActiveCfg = Debug|Win32
		{7E068D2F-0DC7-4AE3-8616-DA7A09C8BAF8}.Debug|x86.Build.0 = Debug|Win32
		{7E068D2F-0DC7-4AE3-8616-DA7A09C8BAF8}.Release|Any CPU.ActiveCfg = Release|Win32
		{7E068D2F-0DC7-4AE3-8616-DA7A09C8BAF8}.Release|ARM.ActiveCfg = Release|Win32
		{7E068D2F-0DC7-4AE3-8616-DA7A09C8BAF8}.Release|ARM64.ActiveCfg = Release|Win32
		{7E068D2F-0DC7-4AE3-8616-DA7A09C8BAF8}.Release|x64.ActiveCfg = Debug|x64
		{7E068D2F-0DC7-4AE3-8616-DA7A09C8BAF8}.Release|x86.ActiveCfg = Release|Win32
		{7E068D2F-0DC7-4AE3-8616-DA7A09C8BAF8}.Release|x86.Build.0 = Release|Win32
	EndGlobalSection
	GlobalSection(SolutionProperties) = preSolution
		HideSolutionNode = FALSE
	EndGlobalSection
	GlobalSection(NestedProjects) = preSolution
		{10F3A838-1216-4A5C-B85A-3C6F99FC752A} = {149FF6CD-D3AE-4833-BA19-5C08EC5C92B8}
		{FCFAD3A7-A3EB-45C8-905E-D36C7ECC68BA} = {149FF6CD-D3AE-4833-BA19-5C08EC5C92B8}
		{96030869-5510-48B5-B7F2-CC6C889CBC96} = {149FF6CD-D3AE-4833-BA19-5C08EC5C92B8}
		{F3CF4A68-2E47-47FD-81DB-9FD554F3BE2F} = {149FF6CD-D3AE-4833-BA19-5C08EC5C92B8}
		{EF07240B-87D4-4C7D-8F69-6CFF69D2A203} = {149FF6CD-D3AE-4833-BA19-5C08EC5C92B8}
		{A102123E-44F5-4159-8C1B-FBA8B8BD1C4C} = {149FF6CD-D3AE-4833-BA19-5C08EC5C92B8}
		{00F41694-D8D7-410A-8248-7E79AD135519} = {149FF6CD-D3AE-4833-BA19-5C08EC5C92B8}
		{3DCEBBF9-BB99-49F2-B80F-066EC11B391C} = {737B3D9E-DF00-4D64-B5BC-A1C2D960CA5D}
		{DB24B6CE-7B98-44AC-86B3-6E3E020292D0} = {149FF6CD-D3AE-4833-BA19-5C08EC5C92B8}
	EndGlobalSection
	GlobalSection(ExtensibilityGlobals) = postSolution
		SolutionGuid = {9B11E949-8D22-4021-95E9-51DFA8ABA9B4}
	EndGlobalSection
EndGlobal
