<?xml version="1.0" encoding="utf-8"?>
<Project ToolsVersion="4.0" xmlns="http://schemas.microsoft.com/developer/msbuild/2003">
  <ItemGroup>
    <Filter Include="Source Files">
      <UniqueIdentifier>{4FC737F1-C7A5-4376-A066-2A32D752A2FF}</UniqueIdentifier>
      <Extensions>cpp;c;cc;cxx;def;odl;idl;hpj;bat;asm;asmx</Extensions>
    </Filter>
    <Filter Include="Header Files">
      <UniqueIdentifier>{93995380-89BD-4b04-88EB-625FBE52EBFB}</UniqueIdentifier>
      <Extensions>h;hh;hpp;hxx;hm;inl;inc;xsd</Extensions>
    </Filter>
    <Filter Include="Resource Files">
      <UniqueIdentifier>{67DA6AB6-F800-4c08-8B7A-83BB121AAD01}</UniqueIdentifier>
      <Extensions>rc;ico;cur;bmp;dlg;rc2;rct;bin;rgs;gif;jpg;jpeg;jpe;resx;tiff;tif;png;wav;mfcribbon-ms</Extensions>
    </Filter>
    <Filter Include="Source Files\unit tests">
      <UniqueIdentifier>{76b488b0-574e-404a-a167-cc6c1abfe80d}</UniqueIdentifier>
    </Filter>
    <Filter Include="Header Files\unit tests">
      <UniqueIdentifier>{f149c376-3dcd-41f6-b74b-b7e0e0b28a64}</UniqueIdentifier>
    </Filter>
    <Filter Include="Source Files\Crypto">
      <UniqueIdentifier>{d5b80d90-c811-449d-973b-457a5c6bbedf}</UniqueIdentifier>
    </Filter>
    <Filter Include="Header Files\Crypto">
      <UniqueIdentifier>{4883d50f-af11-4abd-8857-b066a23c3104}</UniqueIdentifier>
    </Filter>
  </ItemGroup>
  <ItemGroup>
    <Text Include="ReadMe.txt" />
  </ItemGroup>
  <ItemGroup>
    <ClInclude Include="stdafx.h">
      <Filter>Header Files</Filter>
    </ClInclude>
    <ClInclude Include="targetver.h">
      <Filter>Header Files</Filter>
    </ClInclude>
    <ClInclude Include="communications.h">
      <Filter>Header Files</Filter>
    </ClInclude>
    <ClInclude Include="PolicyContext.h">
      <Filter>Header Files</Filter>
    </ClInclude>
    <ClInclude Include="Plugin.h">
      <Filter>Header Files</Filter>
    </ClInclude>
    <ClInclude Include="QueryQueue.h">
      <Filter>Header Files</Filter>
    </ClInclude>
    <ClInclude Include="Query.h">
      <Filter>Header Files</Filter>
    </ClInclude>
    <ClInclude Include="Addon.h">
      <Filter>Header Files</Filter>
    </ClInclude>
    <ClInclude Include="TestUnbreakableCrypto.h">
      <Filter>Header Files\unit tests</Filter>
    </ClInclude>
    <ClInclude Include="QueryFetcher.h">
      <Filter>Header Files\unit tests</Filter>
    </ClInclude>
    <ClInclude Include="RawCertData.h">
      <Filter>Header Files\unit tests</Filter>
    </ClInclude>
    <ClInclude Include="SNI_Parser.h">
      <Filter>Header Files\Crypto</Filter>
    </ClInclude>
    <ClInclude Include="UnbreakableCrypto.h">
      <Filter>Header Files\Crypto</Filter>
    </ClInclude>
    <ClInclude Include="CertificatesAddedToRootStore.h">
      <Filter>Header Files\Crypto</Filter>
    </ClInclude>
    <ClInclude Include="trustbase_plugin.h">
      <Filter>Header Files</Filter>
    </ClInclude>
    <ClInclude Include="TBLogger_Level.h">
      <Filter>Header Files</Filter>
    </ClInclude>
    <ClInclude Include="TBLogger.h">
      <Filter>Header Files</Filter>
    </ClInclude>
  </ItemGroup>
  <ItemGroup>
    <ClCompile Include="stdafx.cpp">
      <Filter>Source Files</Filter>
    </ClCompile>
    <ClCompile Include="PolicyEngine.cpp">
      <Filter>Source Files</Filter>
    </ClCompile>
    <ClCompile Include="communications.cpp">
      <Filter>Source Files</Filter>
    </ClCompile>
    <ClCompile Include="PolicyContext.cpp">
      <Filter>Source Files</Filter>
    </ClCompile>
    <ClCompile Include="Plugin.cpp">
      <Filter>Source Files</Filter>
    </ClCompile>
    <ClCompile Include="QueryQueue.cpp">
      <Filter>Source Files</Filter>
    </ClCompile>
    <ClCompile Include="Query.cpp">
      <Filter>Source Files</Filter>
    </ClCompile>
    <ClCompile Include="Addon.cpp">
      <Filter>Source Files</Filter>
    </ClCompile>
    <ClCompile Include="TestUnbreakableCrypto.cpp">
      <Filter>Source Files\unit tests</Filter>
    </ClCompile>
    <ClCompile Include="QueryFetcher.cpp">
      <Filter>Source Files\unit tests</Filter>
    </ClCompile>
    <ClCompile Include="RawCertData.cpp">
      <Filter>Source Files\unit tests</Filter>
    </ClCompile>
    <ClCompile Include="SNI_Parser.cpp">
      <Filter>Source Files\Crypto</Filter>
    </ClCompile>
    <ClCompile Include="UnbreakableCrypto.cpp">
      <Filter>Source Files\Crypto</Filter>
    </ClCompile>
    <ClCompile Include="CertificatesAddedToRootStore.cpp">
      <Filter>Source Files\Crypto</Filter>
    </ClCompile>
    <ClCompile Include="TBLogger.cpp">
      <Filter>Source Files</Filter>
    </ClCompile>
  </ItemGroup>
  <ItemGroup>
    <None Include="example_query.bin">
      <Filter>Resource Files</Filter>
    </None>
    <None Include="example_query_Luke.bin">
      <Filter>Resource Files</Filter>
    </None>
    <None Include="trustbase.cfg" />
  </ItemGroup>
  <ItemGroup>
    <Resource Include="ExpiredCert.cer">
      <Filter>Resource Files</Filter>
    </Resource>
    <Resource Include="NullHostCert.cer">
      <Filter>Resource Files</Filter>
    </Resource>
    <Resource Include="MalformedCert.cer">
      <Filter>Resource Files</Filter>
    </Resource>
    <Resource Include="ValidCert.cer">
      <Filter>Resource Files</Filter>
    </Resource>
    <Resource Include="WrongHostCert.cer">
      <Filter>Resource Files</Filter>
    </Resource>
  </ItemGroup>
</Project>